
Microsoft Visual Studio Solution File, Format Version 12.00
# Visual Studio Version 16
VisualStudioVersion = 16.0.31911.196
MinimumVisualStudioVersion = 10.0.40219.1
Project("{FAE04EC0-301F-11D3-BF4B-00C04F79EFBC}") = "pr16_2", "pr16_2.csproj", "{9D013F5A-18BC-48E4-B957-377FFB068044}"
EndProject
Global
	GlobalSection(SolutionConfigurationPlatforms) = preSolution
		Debug|Any CPU = Debug|Any CPU
		Release|Any CPU = Release|Any CPU
	EndGlobalSection
	GlobalSection(ProjectConfigurationPlatforms) = postSolution
		{9D013F5A-18BC-48E4-B957-377FFB068044}.Debug|Any CPU.ActiveCfg = Debug|Any CPU
		{9D013F5A-18BC-48E4-B957-377FFB068044}.Debug|Any CPU.Build.0 = Debug|Any CPU
		{9D013F5A-18BC-48E4-B957-377FFB068044}.Release|Any CPU.ActiveCfg = Release|Any CPU
		{9D013F5A-18BC-48E4-B957-377FFB068044}.Release|Any CPU.Build.0 = Release|Any CPU
	EndGlobalSection
	GlobalSection(SolutionProperties) = preSolution
		HideSolutionNode = FALSE
	EndGlobalSection
	GlobalSection(ExtensibilityGlobals) = postSolution
		SolutionGuid = {B874EC95-C023-4FC0-9AB4-DFE241CC286E}
	EndGlobalSection
EndGlobal
